
Microsoft Visual Studio Solution File, Format Version 12.00
# Visual Studio Version 17
VisualStudioVersion = 17.1.32228.430
MinimumVisualStudioVersion = 10.0.40219.1
Project("{FAE04EC0-301F-11D3-BF4B-00C04F79EFBC}") = "Tentativa2", "Tentativa2\Tentativa2.csproj", "{D4939421-854E-482B-B061-5F8C7F03534D}"
EndProject
Global
	GlobalSection(SolutionConfigurationPlatforms) = preSolution
		Debug|Any CPU = Debug|Any CPU
		Release|Any CPU = Release|Any CPU
	EndGlobalSection
	GlobalSection(ProjectConfigurationPlatforms) = postSolution
		{D4939421-854E-482B-B061-5F8C7F03534D}.Debug|Any CPU.ActiveCfg = Debug|Any CPU
		{D4939421-854E-482B-B061-5F8C7F03534D}.Debug|Any CPU.Build.0 = Debug|Any CPU
		{D4939421-854E-482B-B061-5F8C7F03534D}.Release|Any CPU.ActiveCfg = Release|Any CPU
		{D4939421-854E-482B-B061-5F8C7F03534D}.Release|Any CPU.Build.0 = Release|Any CPU
	EndGlobalSection
	GlobalSection(SolutionProperties) = preSolution
		HideSolutionNode = FALSE
	EndGlobalSection
	GlobalSection(ExtensibilityGlobals) = postSolution
		SolutionGuid = {70B1A2B9-3CE3-45B6-A20D-F4156B4A233E}
	EndGlobalSection
EndGlobal
